
Microsoft Visual Studio Solution File, Format Version 12.00
# Visual Studio Version 17
VisualStudioVersion = 17.5.33424.131
MinimumVisualStudioVersion = 10.0.40219.1
Project("{FAE04EC0-301F-11D3-BF4B-00C04F79EFBC}") = "ConsoleAppRefresher(Complex-Interface)", "ConsoleAppRefresher(Complex-Interface).csproj", "{2E875CFC-15B2-402D-89AC-A518A9E63FEE}"
EndProject
Global
	GlobalSection(SolutionConfigurationPlatforms) = preSolution
		Debug|Any CPU = Debug|Any CPU
		Release|Any CPU = Release|Any CPU
	EndGlobalSection
	GlobalSection(ProjectConfigurationPlatforms) = postSolution
		{2E875CFC-15B2-402D-89AC-A518A9E63FEE}.Debug|Any CPU.ActiveCfg = Debug|Any CPU
		{2E875CFC-15B2-402D-89AC-A518A9E63FEE}.Debug|Any CPU.Build.0 = Debug|Any CPU
		{2E875CFC-15B2-402D-89AC-A518A9E63FEE}.Release|Any CPU.ActiveCfg = Release|Any CPU
		{2E875CFC-15B2-402D-89AC-A518A9E63FEE}.Release|Any CPU.Build.0 = Release|Any CPU
	EndGlobalSection
	GlobalSection(SolutionProperties) = preSolution
		HideSolutionNode = FALSE
	EndGlobalSection
	GlobalSection(ExtensibilityGlobals) = postSolution
		SolutionGuid = {F6B02484-0196-45FF-A060-2AAA3060C327}
	EndGlobalSection
EndGlobal
